
Microsoft Visual Studio Solution File, Format Version 12.00
# Visual Studio Version 16
VisualStudioVersion = 16.0.29102.190
MinimumVisualStudioVersion = 10.0.40219.1
Project("{FAE04EC0-301F-11D3-BF4B-00C04F79EFBC}") = "Revature_Project2API", "Revature_Project2API\Revature_Project2API.csproj", "{BC44216F-0ADC-4AC4-98C8-07FD29524F71}"
EndProject
Global
	GlobalSection(SolutionConfigurationPlatforms) = preSolution
		Debug|Any CPU = Debug|Any CPU
		Release|Any CPU = Release|Any CPU
	EndGlobalSection
	GlobalSection(ProjectConfigurationPlatforms) = postSolution
		{BC44216F-0ADC-4AC4-98C8-07FD29524F71}.Debug|Any CPU.ActiveCfg = Debug|Any CPU
		{BC44216F-0ADC-4AC4-98C8-07FD29524F71}.Debug|Any CPU.Build.0 = Debug|Any CPU
		{BC44216F-0ADC-4AC4-98C8-07FD29524F71}.Release|Any CPU.ActiveCfg = Release|Any CPU
		{BC44216F-0ADC-4AC4-98C8-07FD29524F71}.Release|Any CPU.Build.0 = Release|Any CPU
	EndGlobalSection
	GlobalSection(SolutionProperties) = preSolution
		HideSolutionNode = FALSE
	EndGlobalSection
	GlobalSection(ExtensibilityGlobals) = postSolution
		SolutionGuid = {6F306491-BF1C-4369-AA40-77BDD3D2DB87}
	EndGlobalSection
EndGlobal
